// !$*UTF8*$!
{
	archiveVersion = 1;
	classes = {
	};
	objectVersion = 50;
	objects = {

/* Begin PBXBuildFile section */
		E154EAF0224FEEE4004377B1 /* VisibleShapeComponent.swift in Sources */ = {isa = PBXBuildFile; fileRef = E154EAEF224FEEE4004377B1 /* VisibleShapeComponent.swift */; };
		E154EAF5224FF2EF004377B1 /* ArenaFactory.swift in Sources */ = {isa = PBXBuildFile; fileRef = E154EAF4224FF2EF004377B1 /* ArenaFactory.swift */; };
		E162FF4322D0DA1600851B30 /* LossTrackingSystem.swift in Sources */ = {isa = PBXBuildFile; fileRef = E162FF4222D0DA1600851B30 /* LossTrackingSystem.swift */; };
		E162FF4522D0E58D00851B30 /* LossTrackingComponent.swift in Sources */ = {isa = PBXBuildFile; fileRef = E162FF4422D0E58D00851B30 /* LossTrackingComponent.swift */; };
		E162FF5522D0F27800851B30 /* LossTrackingSystem_Tests.swift in Sources */ = {isa = PBXBuildFile; fileRef = E162FF5422D0F27800851B30 /* LossTrackingSystem_Tests.swift */; };
		E162FF5722D0F2CD00851B30 /* LossTrackingComponent_Tests.swift in Sources */ = {isa = PBXBuildFile; fileRef = E162FF5622D0F2CD00851B30 /* LossTrackingComponent_Tests.swift */; };
		E162FF5922D43FB500851B30 /* ClickCheckSystem_Tests.swift in Sources */ = {isa = PBXBuildFile; fileRef = E162FF5822D43FB500851B30 /* ClickCheckSystem_Tests.swift */; };
		E162FF5B22D4451500851B30 /* InputMovementSystem_Tests.swift in Sources */ = {isa = PBXBuildFile; fileRef = E162FF5A22D4451500851B30 /* InputMovementSystem_Tests.swift */; };
		E162FF5D22E4CEEC00851B30 /* LabelFactory.swift in Sources */ = {isa = PBXBuildFile; fileRef = E162FF5C22E4CEEC00851B30 /* LabelFactory.swift */; };
		E173F1082249B6D3007FFC5C /* ClickableComponent.swift in Sources */ = {isa = PBXBuildFile; fileRef = E173F1072249B6D3007FFC5C /* ClickableComponent.swift */; };
		E173F10A2249B8E4007FFC5C /* ClickCheckSystem.swift in Sources */ = {isa = PBXBuildFile; fileRef = E173F1092249B8E4007FFC5C /* ClickCheckSystem.swift */; };
		E173F10D2249BB76007FFC5C /* ClickMode.swift in Sources */ = {isa = PBXBuildFile; fileRef = E173F10C2249BB76007FFC5C /* ClickMode.swift */; };
		E1825F98225FF7BD00946DA6 /* PlayerFactory.swift in Sources */ = {isa = PBXBuildFile; fileRef = E1825F97225FF7BD00946DA6 /* PlayerFactory.swift */; };
		E1A51C4F22EF8444007F2F6B /* Player1.png in Resources */ = {isa = PBXBuildFile; fileRef = E1A51C4D22EF8443007F2F6B /* Player1.png */; };
		E1A51C5022EF8444007F2F6B /* Player2.png in Resources */ = {isa = PBXBuildFile; fileRef = E1A51C4E22EF8444007F2F6B /* Player2.png */; };
		E1A51C5222EFD54E007F2F6B /* SpritesComponent.swift in Sources */ = {isa = PBXBuildFile; fileRef = E1A51C5122EFD54E007F2F6B /* SpritesComponent.swift */; };
		E1A7657B224C6ABB0019D5AB /* PlayState.swift in Sources */ = {isa = PBXBuildFile; fileRef = E1A7657A224C6ABB0019D5AB /* PlayState.swift */; };
		E1A7657D224C6B390019D5AB /* PlayScene.sks in Resources */ = {isa = PBXBuildFile; fileRef = E1A7657C224C6B390019D5AB /* PlayScene.sks */; };
		E1A7657F224C6B4D0019D5AB /* PlayScene.swift in Sources */ = {isa = PBXBuildFile; fileRef = E1A7657E224C6B4D0019D5AB /* PlayScene.swift */; };
		E1CB9AC622CB003E0046E1E5 /* InputMovementComponent.swift in Sources */ = {isa = PBXBuildFile; fileRef = E1CB9AC522CB003E0046E1E5 /* InputMovementComponent.swift */; };
		E1CB9AC822CB04DF0046E1E5 /* InputMovementSystem.swift in Sources */ = {isa = PBXBuildFile; fileRef = E1CB9AC722CB04DF0046E1E5 /* InputMovementSystem.swift */; };
		E1CC4B08224879C5003C7469 /* MainMenuScene.sks in Resources */ = {isa = PBXBuildFile; fileRef = E1CC4B07224879C5003C7469 /* MainMenuScene.sks */; };
		E1CC4B0A224879CF003C7469 /* MainMenuScene.swift in Sources */ = {isa = PBXBuildFile; fileRef = E1CC4B09224879CF003C7469 /* MainMenuScene.swift */; };
		E1CC4B0D22487AEF003C7469 /* MainMenuState.swift in Sources */ = {isa = PBXBuildFile; fileRef = E1CC4B0C22487AEF003C7469 /* MainMenuState.swift */; };
		E1D708EF22BB2ECB0062CE8A /* MainLogo.png in Resources */ = {isa = PBXBuildFile; fileRef = E1D708EE22BB2ECB0062CE8A /* MainLogo.png */; };
		E1D708F222BC7B620062CE8A /* PlayPlayingState.swift in Sources */ = {isa = PBXBuildFile; fileRef = E1D708F122BC7B620062CE8A /* PlayPlayingState.swift */; };
		E1D708F422BD96760062CE8A /* PlayWinState.swift in Sources */ = {isa = PBXBuildFile; fileRef = E1D708F322BD96760062CE8A /* PlayWinState.swift */; };
		E1D708FC22BEA1240062CE8A /* PlaySceneStateMachine.swift in Sources */ = {isa = PBXBuildFile; fileRef = E1D708FB22BEA1240062CE8A /* PlaySceneStateMachine.swift */; };
		E1D708FE22BEC1FB0062CE8A /* PlaySceneState.swift in Sources */ = {isa = PBXBuildFile; fileRef = E1D708FD22BEC1FB0062CE8A /* PlaySceneState.swift */; };
		E1DE636E2248319A00084717 /* AppDelegate.swift in Sources */ = {isa = PBXBuildFile; fileRef = E1DE636D2248319A00084717 /* AppDelegate.swift */; };
		E1DE63722248319A00084717 /* Actions.sks in Resources */ = {isa = PBXBuildFile; fileRef = E1DE63712248319A00084717 /* Actions.sks */; };
		E1DE63762248319A00084717 /* ViewController.swift in Sources */ = {isa = PBXBuildFile; fileRef = E1DE63752248319A00084717 /* ViewController.swift */; };
		E1DE63782248319D00084717 /* Assets.xcassets in Resources */ = {isa = PBXBuildFile; fileRef = E1DE63772248319D00084717 /* Assets.xcassets */; };
		E1DE637B2248319D00084717 /* Main.storyboard in Resources */ = {isa = PBXBuildFile; fileRef = E1DE63792248319D00084717 /* Main.storyboard */; };
		E1DE6384224837F500084717 /* GameController.swift in Sources */ = {isa = PBXBuildFile; fileRef = E1DE6383224837F500084717 /* GameController.swift */; };
		E1DE6386224838ED00084717 /* GameStateMachine.swift in Sources */ = {isa = PBXBuildFile; fileRef = E1DE6385224838ED00084717 /* GameStateMachine.swift */; };
		E1DE638922483BDB00084717 /* GameLoadingState.swift in Sources */ = {isa = PBXBuildFile; fileRef = E1DE638822483BDB00084717 /* GameLoadingState.swift */; };
		E1DE638C22483C9400084717 /* GameLoadingScene.sks in Resources */ = {isa = PBXBuildFile; fileRef = E1DE638B22483C9400084717 /* GameLoadingScene.sks */; };
		E1DE638E22483CAE00084717 /* GameLoadingScene.swift in Sources */ = {isa = PBXBuildFile; fileRef = E1DE638D22483CAE00084717 /* GameLoadingScene.swift */; };
/* End PBXBuildFile section */

/* Begin PBXContainerItemProxy section */
		E162FF4F22D0F1D600851B30 /* PBXContainerItemProxy */ = {
			isa = PBXContainerItemProxy;
			containerPortal = E1DE63622248319A00084717 /* Project object */;
			proxyType = 1;
			remoteGlobalIDString = E1DE63692248319A00084717;
			remoteInfo = "Bumper Bumpers";
		};
/* End PBXContainerItemProxy section */

/* Begin PBXFileReference section */
		E154EAEF224FEEE4004377B1 /* VisibleShapeComponent.swift */ = {isa = PBXFileReference; lastKnownFileType = sourcecode.swift; path = VisibleShapeComponent.swift; sourceTree = "<group>"; };
		E154EAF4224FF2EF004377B1 /* ArenaFactory.swift */ = {isa = PBXFileReference; lastKnownFileType = sourcecode.swift; path = ArenaFactory.swift; sourceTree = "<group>"; };
		E162FF4222D0DA1600851B30 /* LossTrackingSystem.swift */ = {isa = PBXFileReference; lastKnownFileType = sourcecode.swift; path = LossTrackingSystem.swift; sourceTree = "<group>"; };
		E162FF4422D0E58D00851B30 /* LossTrackingComponent.swift */ = {isa = PBXFileReference; lastKnownFileType = sourcecode.swift; path = LossTrackingComponent.swift; sourceTree = "<group>"; };
		E162FF4A22D0F1D600851B30 /* Bumper Bumpers Tests.xctest */ = {isa = PBXFileReference; explicitFileType = wrapper.cfbundle; includeInIndex = 0; path = "Bumper Bumpers Tests.xctest"; sourceTree = BUILT_PRODUCTS_DIR; };
		E162FF4E22D0F1D600851B30 /* Info.plist */ = {isa = PBXFileReference; lastKnownFileType = text.plist.xml; path = Info.plist; sourceTree = "<group>"; };
		E162FF5422D0F27800851B30 /* LossTrackingSystem_Tests.swift */ = {isa = PBXFileReference; lastKnownFileType = sourcecode.swift; path = LossTrackingSystem_Tests.swift; sourceTree = "<group>"; };
		E162FF5622D0F2CD00851B30 /* LossTrackingComponent_Tests.swift */ = {isa = PBXFileReference; lastKnownFileType = sourcecode.swift; path = LossTrackingComponent_Tests.swift; sourceTree = "<group>"; };
		E162FF5822D43FB500851B30 /* ClickCheckSystem_Tests.swift */ = {isa = PBXFileReference; lastKnownFileType = sourcecode.swift; path = ClickCheckSystem_Tests.swift; sourceTree = "<group>"; };
		E162FF5A22D4451500851B30 /* InputMovementSystem_Tests.swift */ = {isa = PBXFileReference; lastKnownFileType = sourcecode.swift; path = InputMovementSystem_Tests.swift; sourceTree = "<group>"; };
		E162FF5C22E4CEEC00851B30 /* LabelFactory.swift */ = {isa = PBXFileReference; lastKnownFileType = sourcecode.swift; path = LabelFactory.swift; sourceTree = "<group>"; };
		E173F1072249B6D3007FFC5C /* ClickableComponent.swift */ = {isa = PBXFileReference; lastKnownFileType = sourcecode.swift; path = ClickableComponent.swift; sourceTree = "<group>"; };
		E173F1092249B8E4007FFC5C /* ClickCheckSystem.swift */ = {isa = PBXFileReference; lastKnownFileType = sourcecode.swift; path = ClickCheckSystem.swift; sourceTree = "<group>"; };
		E173F10C2249BB76007FFC5C /* ClickMode.swift */ = {isa = PBXFileReference; lastKnownFileType = sourcecode.swift; path = ClickMode.swift; sourceTree = "<group>"; };
		E1825F97225FF7BD00946DA6 /* PlayerFactory.swift */ = {isa = PBXFileReference; lastKnownFileType = sourcecode.swift; path = PlayerFactory.swift; sourceTree = "<group>"; };
		E1A51C4D22EF8443007F2F6B /* Player1.png */ = {isa = PBXFileReference; lastKnownFileType = image.png; path = Player1.png; sourceTree = "<group>"; };
		E1A51C4E22EF8444007F2F6B /* Player2.png */ = {isa = PBXFileReference; lastKnownFileType = image.png; path = Player2.png; sourceTree = "<group>"; };
		E1A51C5122EFD54E007F2F6B /* SpritesComponent.swift */ = {isa = PBXFileReference; lastKnownFileType = sourcecode.swift; path = SpritesComponent.swift; sourceTree = "<group>"; };
		E1A7657A224C6ABB0019D5AB /* PlayState.swift */ = {isa = PBXFileReference; lastKnownFileType = sourcecode.swift; path = PlayState.swift; sourceTree = "<group>"; };
		E1A7657C224C6B390019D5AB /* PlayScene.sks */ = {isa = PBXFileReference; lastKnownFileType = file.sks; path = PlayScene.sks; sourceTree = "<group>"; };
		E1A7657E224C6B4D0019D5AB /* PlayScene.swift */ = {isa = PBXFileReference; lastKnownFileType = sourcecode.swift; path = PlayScene.swift; sourceTree = "<group>"; };
		E1CB9AC522CB003E0046E1E5 /* InputMovementComponent.swift */ = {isa = PBXFileReference; lastKnownFileType = sourcecode.swift; path = InputMovementComponent.swift; sourceTree = "<group>"; };
		E1CB9AC722CB04DF0046E1E5 /* InputMovementSystem.swift */ = {isa = PBXFileReference; lastKnownFileType = sourcecode.swift; path = InputMovementSystem.swift; sourceTree = "<group>"; };
		E1CC4B07224879C5003C7469 /* MainMenuScene.sks */ = {isa = PBXFileReference; lastKnownFileType = file.sks; path = MainMenuScene.sks; sourceTree = "<group>"; };
		E1CC4B09224879CF003C7469 /* MainMenuScene.swift */ = {isa = PBXFileReference; lastKnownFileType = sourcecode.swift; path = MainMenuScene.swift; sourceTree = "<group>"; };
		E1CC4B0C22487AEF003C7469 /* MainMenuState.swift */ = {isa = PBXFileReference; lastKnownFileType = sourcecode.swift; path = MainMenuState.swift; sourceTree = "<group>"; };
		E1D708EE22BB2ECB0062CE8A /* MainLogo.png */ = {isa = PBXFileReference; lastKnownFileType = image.png; path = MainLogo.png; sourceTree = "<group>"; };
		E1D708F122BC7B620062CE8A /* PlayPlayingState.swift */ = {isa = PBXFileReference; lastKnownFileType = sourcecode.swift; path = PlayPlayingState.swift; sourceTree = "<group>"; };
		E1D708F322BD96760062CE8A /* PlayWinState.swift */ = {isa = PBXFileReference; lastKnownFileType = sourcecode.swift; path = PlayWinState.swift; sourceTree = "<group>"; };
		E1D708FB22BEA1240062CE8A /* PlaySceneStateMachine.swift */ = {isa = PBXFileReference; lastKnownFileType = sourcecode.swift; path = PlaySceneStateMachine.swift; sourceTree = "<group>"; };
		E1D708FD22BEC1FB0062CE8A /* PlaySceneState.swift */ = {isa = PBXFileReference; lastKnownFileType = sourcecode.swift; path = PlaySceneState.swift; sourceTree = "<group>"; };
		E1DE636A2248319A00084717 /* Bumper Bumpers.app */ = {isa = PBXFileReference; explicitFileType = wrapper.application; includeInIndex = 0; path = "Bumper Bumpers.app"; sourceTree = BUILT_PRODUCTS_DIR; };
		E1DE636D2248319A00084717 /* AppDelegate.swift */ = {isa = PBXFileReference; lastKnownFileType = sourcecode.swift; path = AppDelegate.swift; sourceTree = "<group>"; };
		E1DE63712248319A00084717 /* Actions.sks */ = {isa = PBXFileReference; lastKnownFileType = file.sks; path = Actions.sks; sourceTree = "<group>"; };
		E1DE63752248319A00084717 /* ViewController.swift */ = {isa = PBXFileReference; lastKnownFileType = sourcecode.swift; path = ViewController.swift; sourceTree = "<group>"; };
		E1DE63772248319D00084717 /* Assets.xcassets */ = {isa = PBXFileReference; lastKnownFileType = folder.assetcatalog; path = Assets.xcassets; sourceTree = "<group>"; };
		E1DE637A2248319D00084717 /* Base */ = {isa = PBXFileReference; lastKnownFileType = file.storyboard; name = Base; path = Base.lproj/Main.storyboard; sourceTree = "<group>"; };
		E1DE637C2248319D00084717 /* Info.plist */ = {isa = PBXFileReference; lastKnownFileType = text.plist.xml; path = Info.plist; sourceTree = "<group>"; };
		E1DE637D2248319D00084717 /* Bumper_Bumpers.entitlements */ = {isa = PBXFileReference; lastKnownFileType = text.plist.entitlements; path = Bumper_Bumpers.entitlements; sourceTree = "<group>"; };
		E1DE6383224837F500084717 /* GameController.swift */ = {isa = PBXFileReference; lastKnownFileType = sourcecode.swift; path = GameController.swift; sourceTree = "<group>"; };
		E1DE6385224838ED00084717 /* GameStateMachine.swift */ = {isa = PBXFileReference; lastKnownFileType = sourcecode.swift; path = GameStateMachine.swift; sourceTree = "<group>"; };
		E1DE638822483BDB00084717 /* GameLoadingState.swift */ = {isa = PBXFileReference; lastKnownFileType = sourcecode.swift; path = GameLoadingState.swift; sourceTree = "<group>"; };
		E1DE638B22483C9400084717 /* GameLoadingScene.sks */ = {isa = PBXFileReference; lastKnownFileType = file.sks; path = GameLoadingScene.sks; sourceTree = "<group>"; };
		E1DE638D22483CAE00084717 /* GameLoadingScene.swift */ = {isa = PBXFileReference; lastKnownFileType = sourcecode.swift; path = GameLoadingScene.swift; sourceTree = "<group>"; };
/* End PBXFileReference section */

/* Begin PBXFrameworksBuildPhase section */
		E162FF4722D0F1D600851B30 /* Frameworks */ = {
			isa = PBXFrameworksBuildPhase;
			buildActionMask = 2147483647;
			files = (
			);
			runOnlyForDeploymentPostprocessing = 0;
		};
		E1DE63672248319A00084717 /* Frameworks */ = {
			isa = PBXFrameworksBuildPhase;
			buildActionMask = 2147483647;
			files = (
			);
			runOnlyForDeploymentPostprocessing = 0;
		};
/* End PBXFrameworksBuildPhase section */

/* Begin PBXGroup section */
		E154EAF3224FF2A2004377B1 /* EntityFactories */ = {
			isa = PBXGroup;
			children = (
				E154EAF4224FF2EF004377B1 /* ArenaFactory.swift */,
				E1825F97225FF7BD00946DA6 /* PlayerFactory.swift */,
				E162FF5C22E4CEEC00851B30 /* LabelFactory.swift */,
			);
			path = EntityFactories;
			sourceTree = "<group>";
		};
		E162FF4B22D0F1D600851B30 /* Bumper Bumpers Tests */ = {
			isa = PBXGroup;
			children = (
				E162FF4E22D0F1D600851B30 /* Info.plist */,
				E162FF5422D0F27800851B30 /* LossTrackingSystem_Tests.swift */,
				E162FF5622D0F2CD00851B30 /* LossTrackingComponent_Tests.swift */,
				E162FF5822D43FB500851B30 /* ClickCheckSystem_Tests.swift */,
				E162FF5A22D4451500851B30 /* InputMovementSystem_Tests.swift */,
			);
			path = "Bumper Bumpers Tests";
			sourceTree = "<group>";
		};
		E173F1052249B695007FFC5C /* Components */ = {
			isa = PBXGroup;
			children = (
				E173F1072249B6D3007FFC5C /* ClickableComponent.swift */,
				E154EAEF224FEEE4004377B1 /* VisibleShapeComponent.swift */,
				E1CB9AC522CB003E0046E1E5 /* InputMovementComponent.swift */,
				E162FF4422D0E58D00851B30 /* LossTrackingComponent.swift */,
				E1A51C5122EFD54E007F2F6B /* SpritesComponent.swift */,
			);
			path = Components;
			sourceTree = "<group>";
		};
		E173F1062249B6A0007FFC5C /* Systems */ = {
			isa = PBXGroup;
			children = (
				E173F1092249B8E4007FFC5C /* ClickCheckSystem.swift */,
				E1CB9AC722CB04DF0046E1E5 /* InputMovementSystem.swift */,
				E162FF4222D0DA1600851B30 /* LossTrackingSystem.swift */,
			);
			path = Systems;
			sourceTree = "<group>";
		};
		E173F10B2249BB48007FFC5C /* Enums */ = {
			isa = PBXGroup;
			children = (
				E173F10C2249BB76007FFC5C /* ClickMode.swift */,
			);
			path = Enums;
			sourceTree = "<group>";
		};
		E1CC4B0B22487A87003C7469 /* Assets */ = {
			isa = PBXGroup;
			children = (
				E1CC4B0E22487FC1003C7469 /* Images */,
			);
			path = Assets;
			sourceTree = "<group>";
		};
		E1CC4B0E22487FC1003C7469 /* Images */ = {
			isa = PBXGroup;
			children = (
				E1A51C4D22EF8443007F2F6B /* Player1.png */,
				E1A51C4E22EF8444007F2F6B /* Player2.png */,
				E1D708EE22BB2ECB0062CE8A /* MainLogo.png */,
			);
			path = Images;
			sourceTree = "<group>";
		};
		E1D708F022BC7A990062CE8A /* PlaySceneStates */ = {
			isa = PBXGroup;
			children = (
				E1D708F122BC7B620062CE8A /* PlayPlayingState.swift */,
				E1D708F322BD96760062CE8A /* PlayWinState.swift */,
				E1D708FD22BEC1FB0062CE8A /* PlaySceneState.swift */,
			);
			path = PlaySceneStates;
			sourceTree = "<group>";
		};
		E1D708F522BD975B0062CE8A /* States */ = {
			isa = PBXGroup;
			children = (
				E1DE638722483BC000084717 /* GameStates */,
				E1D708F022BC7A990062CE8A /* PlaySceneStates */,
			);
			path = States;
			sourceTree = "<group>";
		};
		E1D708FA22BEA10F0062CE8A /* StateMachines */ = {
			isa = PBXGroup;
			children = (
				E1DE6385224838ED00084717 /* GameStateMachine.swift */,
				E1D708FB22BEA1240062CE8A /* PlaySceneStateMachine.swift */,
			);
			path = StateMachines;
			sourceTree = "<group>";
		};
		E1DE63612248319A00084717 = {
			isa = PBXGroup;
			children = (
				E1DE636C2248319A00084717 /* Bumper Bumpers */,
				E162FF4B22D0F1D600851B30 /* Bumper Bumpers Tests */,
				E1DE636B2248319A00084717 /* Products */,
			);
			sourceTree = "<group>";
		};
		E1DE636B2248319A00084717 /* Products */ = {
			isa = PBXGroup;
			children = (
				E1DE636A2248319A00084717 /* Bumper Bumpers.app */,
				E162FF4A22D0F1D600851B30 /* Bumper Bumpers Tests.xctest */,
			);
			name = Products;
			sourceTree = "<group>";
		};
		E1DE636C2248319A00084717 /* Bumper Bumpers */ = {
			isa = PBXGroup;
			children = (
				E1DE636D2248319A00084717 /* AppDelegate.swift */,
				E1DE63792248319D00084717 /* Main.storyboard */,
				E1DE63712248319A00084717 /* Actions.sks */,
				E1CC4B0B22487A87003C7469 /* Assets */,
				E1DE63752248319A00084717 /* ViewController.swift */,
				E1DE6383224837F500084717 /* GameController.swift */,
				E1D708FA22BEA10F0062CE8A /* StateMachines */,
				E1D708F522BD975B0062CE8A /* States */,
				E1DE638A22483C6800084717 /* Scenes */,
				E154EAF3224FF2A2004377B1 /* EntityFactories */,
				E173F1062249B6A0007FFC5C /* Systems */,
				E173F1052249B695007FFC5C /* Components */,
				E173F10B2249BB48007FFC5C /* Enums */,
				E1DE63772248319D00084717 /* Assets.xcassets */,
				E1DE637C2248319D00084717 /* Info.plist */,
				E1DE637D2248319D00084717 /* Bumper_Bumpers.entitlements */,
			);
			path = "Bumper Bumpers";
			sourceTree = "<group>";
		};
		E1DE638722483BC000084717 /* GameStates */ = {
			isa = PBXGroup;
			children = (
				E1DE638822483BDB00084717 /* GameLoadingState.swift */,
				E1CC4B0C22487AEF003C7469 /* MainMenuState.swift */,
				E1A7657A224C6ABB0019D5AB /* PlayState.swift */,
			);
			path = GameStates;
			sourceTree = "<group>";
		};
		E1DE638A22483C6800084717 /* Scenes */ = {
			isa = PBXGroup;
			children = (
				E1DE638B22483C9400084717 /* GameLoadingScene.sks */,
				E1DE638D22483CAE00084717 /* GameLoadingScene.swift */,
				E1CC4B07224879C5003C7469 /* MainMenuScene.sks */,
				E1CC4B09224879CF003C7469 /* MainMenuScene.swift */,
				E1A7657C224C6B390019D5AB /* PlayScene.sks */,
				E1A7657E224C6B4D0019D5AB /* PlayScene.swift */,
			);
			path = Scenes;
			sourceTree = "<group>";
		};
/* End PBXGroup section */

/* Begin PBXNativeTarget section */
		E162FF4922D0F1D600851B30 /* Bumper Bumpers Tests */ = {
			isa = PBXNativeTarget;
			buildConfigurationList = E162FF5122D0F1D600851B30 /* Build configuration list for PBXNativeTarget "Bumper Bumpers Tests" */;
			buildPhases = (
				E162FF4622D0F1D600851B30 /* Sources */,
				E162FF4722D0F1D600851B30 /* Frameworks */,
				E162FF4822D0F1D600851B30 /* Resources */,
			);
			buildRules = (
			);
			dependencies = (
				E162FF5022D0F1D600851B30 /* PBXTargetDependency */,
			);
			name = "Bumper Bumpers Tests";
			productName = "Bumper Bumpers Tests";
			productReference = E162FF4A22D0F1D600851B30 /* Bumper Bumpers Tests.xctest */;
			productType = "com.apple.product-type.bundle.unit-test";
		};
		E1DE63692248319A00084717 /* Bumper Bumpers */ = {
			isa = PBXNativeTarget;
			buildConfigurationList = E1DE63802248319D00084717 /* Build configuration list for PBXNativeTarget "Bumper Bumpers" */;
			buildPhases = (
				E1DE63662248319A00084717 /* Sources */,
				E1DE63672248319A00084717 /* Frameworks */,
				E1DE63682248319A00084717 /* Resources */,
			);
			buildRules = (
			);
			dependencies = (
			);
			name = "Bumper Bumpers";
			productName = "Bumper Bumpers";
			productReference = E1DE636A2248319A00084717 /* Bumper Bumpers.app */;
			productType = "com.apple.product-type.application";
		};
/* End PBXNativeTarget section */

/* Begin PBXProject section */
		E1DE63622248319A00084717 /* Project object */ = {
			isa = PBXProject;
			attributes = {
				LastSwiftUpdateCheck = 1020;
				LastUpgradeCheck = 1010;
				ORGANIZATIONNAME = "Robert Sikorski";
				TargetAttributes = {
					E162FF4922D0F1D600851B30 = {
						CreatedOnToolsVersion = 10.2.1;
						TestTargetID = E1DE63692248319A00084717;
					};
					E1DE63692248319A00084717 = {
						CreatedOnToolsVersion = 10.1;
						LastSwiftMigration = 1020;
					};
				};
			};
			buildConfigurationList = E1DE63652248319A00084717 /* Build configuration list for PBXProject "Bumper Bumpers" */;
			compatibilityVersion = "Xcode 9.3";
			developmentRegion = en;
			hasScannedForEncodings = 0;
			knownRegions = (
				en,
				Base,
			);
			mainGroup = E1DE63612248319A00084717;
			productRefGroup = E1DE636B2248319A00084717 /* Products */;
			projectDirPath = "";
			projectRoot = "";
			targets = (
				E1DE63692248319A00084717 /* Bumper Bumpers */,
				E162FF4922D0F1D600851B30 /* Bumper Bumpers Tests */,
			);
		};
/* End PBXProject section */

/* Begin PBXResourcesBuildPhase section */
		E162FF4822D0F1D600851B30 /* Resources */ = {
			isa = PBXResourcesBuildPhase;
			buildActionMask = 2147483647;
			files = (
			);
			runOnlyForDeploymentPostprocessing = 0;
		};
		E1DE63682248319A00084717 /* Resources */ = {
			isa = PBXResourcesBuildPhase;
			buildActionMask = 2147483647;
			files = (
				E1A51C5022EF8444007F2F6B /* Player2.png in Resources */,
				E1DE63782248319D00084717 /* Assets.xcassets in Resources */,
				E1D708EF22BB2ECB0062CE8A /* MainLogo.png in Resources */,
				E1A7657D224C6B390019D5AB /* PlayScene.sks in Resources */,
				E1DE638C22483C9400084717 /* GameLoadingScene.sks in Resources */,
				E1A51C4F22EF8444007F2F6B /* Player1.png in Resources */,
				E1DE63722248319A00084717 /* Actions.sks in Resources */,
				E1DE637B2248319D00084717 /* Main.storyboard in Resources */,
				E1CC4B08224879C5003C7469 /* MainMenuScene.sks in Resources */,
			);
			runOnlyForDeploymentPostprocessing = 0;
		};
/* End PBXResourcesBuildPhase section */

/* Begin PBXSourcesBuildPhase section */
		E162FF4622D0F1D600851B30 /* Sources */ = {
			isa = PBXSourcesBuildPhase;
			buildActionMask = 2147483647;
			files = (
				E162FF5B22D4451500851B30 /* InputMovementSystem_Tests.swift in Sources */,
				E162FF5922D43FB500851B30 /* ClickCheckSystem_Tests.swift in Sources */,
				E162FF5522D0F27800851B30 /* LossTrackingSystem_Tests.swift in Sources */,
				E162FF5722D0F2CD00851B30 /* LossTrackingComponent_Tests.swift in Sources */,
			);
			runOnlyForDeploymentPostprocessing = 0;
		};
		E1DE63662248319A00084717 /* Sources */ = {
			isa = PBXSourcesBuildPhase;
			buildActionMask = 2147483647;
			files = (
				E1CB9AC822CB04DF0046E1E5 /* InputMovementSystem.swift in Sources */,
				E173F10D2249BB76007FFC5C /* ClickMode.swift in Sources */,
				E1DE63762248319A00084717 /* ViewController.swift in Sources */,
				E1D708F422BD96760062CE8A /* PlayWinState.swift in Sources */,
				E1825F98225FF7BD00946DA6 /* PlayerFactory.swift in Sources */,
				E1CC4B0D22487AEF003C7469 /* MainMenuState.swift in Sources */,
				E1DE638922483BDB00084717 /* GameLoadingState.swift in Sources */,
				E162FF4522D0E58D00851B30 /* LossTrackingComponent.swift in Sources */,
				E1DE6384224837F500084717 /* GameController.swift in Sources */,
				E1DE638E22483CAE00084717 /* GameLoadingScene.swift in Sources */,
				E154EAF0224FEEE4004377B1 /* VisibleShapeComponent.swift in Sources */,
				E162FF5D22E4CEEC00851B30 /* LabelFactory.swift in Sources */,
				E1DE636E2248319A00084717 /* AppDelegate.swift in Sources */,
				E1D708F222BC7B620062CE8A /* PlayPlayingState.swift in Sources */,
				E173F10A2249B8E4007FFC5C /* ClickCheckSystem.swift in Sources */,
				E1CC4B0A224879CF003C7469 /* MainMenuScene.swift in Sources */,
				E1D708FC22BEA1240062CE8A /* PlaySceneStateMachine.swift in Sources */,
				E162FF4322D0DA1600851B30 /* LossTrackingSystem.swift in Sources */,
				E173F1082249B6D3007FFC5C /* ClickableComponent.swift in Sources */,
				E154EAF5224FF2EF004377B1 /* ArenaFactory.swift in Sources */,
				E1A7657F224C6B4D0019D5AB /* PlayScene.swift in Sources */,
				E1D708FE22BEC1FB0062CE8A /* PlaySceneState.swift in Sources */,
				E1A7657B224C6ABB0019D5AB /* PlayState.swift in Sources */,
				E1CB9AC622CB003E0046E1E5 /* InputMovementComponent.swift in Sources */,
				E1A51C5222EFD54E007F2F6B /* SpritesComponent.swift in Sources */,
				E1DE6386224838ED00084717 /* GameStateMachine.swift in Sources */,
			);
			runOnlyForDeploymentPostprocessing = 0;
		};
/* End PBXSourcesBuildPhase section */

/* Begin PBXTargetDependency section */
		E162FF5022D0F1D600851B30 /* PBXTargetDependency */ = {
			isa = PBXTargetDependency;
			target = E1DE63692248319A00084717 /* Bumper Bumpers */;
			targetProxy = E162FF4F22D0F1D600851B30 /* PBXContainerItemProxy */;
		};
/* End PBXTargetDependency section */

/* Begin PBXVariantGroup section */
		E1DE63792248319D00084717 /* Main.storyboard */ = {
			isa = PBXVariantGroup;
			children = (
				E1DE637A2248319D00084717 /* Base */,
			);
			name = Main.storyboard;
			sourceTree = "<group>";
		};
/* End PBXVariantGroup section */

/* Begin XCBuildConfiguration section */
		E162FF5222D0F1D600851B30 /* Debug */ = {
			isa = XCBuildConfiguration;
			buildSettings = {
				BUNDLE_LOADER = "$(TEST_HOST)";
				CODE_SIGN_STYLE = Automatic;
				COMBINE_HIDPI_IMAGES = YES;
				DEVELOPMENT_TEAM = DS7Z2F756Z;
				INFOPLIST_FILE = "Bumper Bumpers Tests/Info.plist";
				LD_RUNPATH_SEARCH_PATHS = (
					"$(inherited)",
					"@executable_path/../Frameworks",
					"@loader_path/../Frameworks",
				);
				PRODUCT_BUNDLE_IDENTIFIER = "sikrob.Bumper-Bumpers-Tests";
				PRODUCT_NAME = "$(TARGET_NAME)";
				SWIFT_VERSION = 5.0;
				TEST_HOST = "$(BUILT_PRODUCTS_DIR)/Bumper Bumpers.app/Contents/MacOS/Bumper Bumpers";
			};
			name = Debug;
		};
		E162FF5322D0F1D600851B30 /* Release */ = {
			isa = XCBuildConfiguration;
			buildSettings = {
				BUNDLE_LOADER = "$(TEST_HOST)";
				CODE_SIGN_STYLE = Automatic;
				COMBINE_HIDPI_IMAGES = YES;
				DEVELOPMENT_TEAM = DS7Z2F756Z;
				INFOPLIST_FILE = "Bumper Bumpers Tests/Info.plist";
				LD_RUNPATH_SEARCH_PATHS = (
					"$(inherited)",
					"@executable_path/../Frameworks",
					"@loader_path/../Frameworks",
				);
				PRODUCT_BUNDLE_IDENTIFIER = "sikrob.Bumper-Bumpers-Tests";
				PRODUCT_NAME = "$(TARGET_NAME)";
				SWIFT_VERSION = 5.0;
				TEST_HOST = "$(BUILT_PRODUCTS_DIR)/Bumper Bumpers.app/Contents/MacOS/Bumper Bumpers";
			};
			name = Release;
		};
		E1DE637E2248319D00084717 /* Debug */ = {
			isa = XCBuildConfiguration;
			buildSettings = {
				ALWAYS_SEARCH_USER_PATHS = NO;
				CLANG_ANALYZER_NONNULL = YES;
				CLANG_ANALYZER_NUMBER_OBJECT_CONVERSION = YES_AGGRESSIVE;
				CLANG_CXX_LANGUAGE_STANDARD = "gnu++14";
				CLANG_CXX_LIBRARY = "libc++";
				CLANG_ENABLE_MODULES = YES;
				CLANG_ENABLE_OBJC_ARC = YES;
				CLANG_ENABLE_OBJC_WEAK = YES;
				CLANG_WARN_BLOCK_CAPTURE_AUTORELEASING = YES;
				CLANG_WARN_BOOL_CONVERSION = YES;
				CLANG_WARN_COMMA = YES;
				CLANG_WARN_CONSTANT_CONVERSION = YES;
				CLANG_WARN_DEPRECATED_OBJC_IMPLEMENTATIONS = YES;
				CLANG_WARN_DIRECT_OBJC_ISA_USAGE = YES_ERROR;
				CLANG_WARN_DOCUMENTATION_COMMENTS = YES;
				CLANG_WARN_EMPTY_BODY = YES;
				CLANG_WARN_ENUM_CONVERSION = YES;
				CLANG_WARN_INFINITE_RECURSION = YES;
				CLANG_WARN_INT_CONVERSION = YES;
				CLANG_WARN_NON_LITERAL_NULL_CONVERSION = YES;
				CLANG_WARN_OBJC_IMPLICIT_RETAIN_SELF = YES;
				CLANG_WARN_OBJC_LITERAL_CONVERSION = YES;
				CLANG_WARN_OBJC_ROOT_CLASS = YES_ERROR;
				CLANG_WARN_RANGE_LOOP_ANALYSIS = YES;
				CLANG_WARN_STRICT_PROTOTYPES = YES;
				CLANG_WARN_SUSPICIOUS_MOVE = YES;
				CLANG_WARN_UNGUARDED_AVAILABILITY = YES_AGGRESSIVE;
				CLANG_WARN_UNREACHABLE_CODE = YES;
				CLANG_WARN__DUPLICATE_METHOD_MATCH = YES;
				CODE_SIGN_IDENTITY = "Mac Developer";
				COPY_PHASE_STRIP = NO;
				DEBUG_INFORMATION_FORMAT = dwarf;
				ENABLE_STRICT_OBJC_MSGSEND = YES;
				ENABLE_TESTABILITY = YES;
				GCC_C_LANGUAGE_STANDARD = gnu11;
				GCC_DYNAMIC_NO_PIC = NO;
				GCC_NO_COMMON_BLOCKS = YES;
				GCC_OPTIMIZATION_LEVEL = 0;
				GCC_PREPROCESSOR_DEFINITIONS = (
					"DEBUG=1",
					"$(inherited)",
				);
				GCC_WARN_64_TO_32_BIT_CONVERSION = YES;
				GCC_WARN_ABOUT_RETURN_TYPE = YES_ERROR;
				GCC_WARN_UNDECLARED_SELECTOR = YES;
				GCC_WARN_UNINITIALIZED_AUTOS = YES_AGGRESSIVE;
				GCC_WARN_UNUSED_FUNCTION = YES;
				GCC_WARN_UNUSED_VARIABLE = YES;
				MACOSX_DEPLOYMENT_TARGET = 10.14;
				MTL_ENABLE_DEBUG_INFO = INCLUDE_SOURCE;
				MTL_FAST_MATH = YES;
				ONLY_ACTIVE_ARCH = YES;
				SDKROOT = macosx;
				SWIFT_ACTIVE_COMPILATION_CONDITIONS = DEBUG;
				SWIFT_OPTIMIZATION_LEVEL = "-Onone";
			};
			name = Debug;
		};
		E1DE637F2248319D00084717 /* Release */ = {
			isa = XCBuildConfiguration;
			buildSettings = {
				ALWAYS_SEARCH_USER_PATHS = NO;
				CLANG_ANALYZER_NONNULL = YES;
				CLANG_ANALYZER_NUMBER_OBJECT_CONVERSION = YES_AGGRESSIVE;
				CLANG_CXX_LANGUAGE_STANDARD = "gnu++14";
				CLANG_CXX_LIBRARY = "libc++";
				CLANG_ENABLE_MODULES = YES;
				CLANG_ENABLE_OBJC_ARC = YES;
				CLANG_ENABLE_OBJC_WEAK = YES;
				CLANG_WARN_BLOCK_CAPTURE_AUTORELEASING = YES;
				CLANG_WARN_BOOL_CONVERSION = YES;
				CLANG_WARN_COMMA = YES;
				CLANG_WARN_CONSTANT_CONVERSION = YES;
				CLANG_WARN_DEPRECATED_OBJC_IMPLEMENTATIONS = YES;
				CLANG_WARN_DIRECT_OBJC_ISA_USAGE = YES_ERROR;
				CLANG_WARN_DOCUMENTATION_COMMENTS = YES;
				CLANG_WARN_EMPTY_BODY = YES;
				CLANG_WARN_ENUM_CONVERSION = YES;
				CLANG_WARN_INFINITE_RECURSION = YES;
				CLANG_WARN_INT_CONVERSION = YES;
				CLANG_WARN_NON_LITERAL_NULL_CONVERSION = YES;
				CLANG_WARN_OBJC_IMPLICIT_RETAIN_SELF = YES;
				CLANG_WARN_OBJC_LITERAL_CONVERSION = YES;
				CLANG_WARN_OBJC_ROOT_CLASS = YES_ERROR;
				CLANG_WARN_RANGE_LOOP_ANALYSIS = YES;
				CLANG_WARN_STRICT_PROTOTYPES = YES;
				CLANG_WARN_SUSPICIOUS_MOVE = YES;
				CLANG_WARN_UNGUARDED_AVAILABILITY = YES_AGGRESSIVE;
				CLANG_WARN_UNREACHABLE_CODE = YES;
				CLANG_WARN__DUPLICATE_METHOD_MATCH = YES;
				CODE_SIGN_IDENTITY = "Mac Developer";
				COPY_PHASE_STRIP = NO;
				DEBUG_INFORMATION_FORMAT = "dwarf-with-dsym";
				ENABLE_NS_ASSERTIONS = NO;
				ENABLE_STRICT_OBJC_MSGSEND = YES;
				GCC_C_LANGUAGE_STANDARD = gnu11;
				GCC_NO_COMMON_BLOCKS = YES;
				GCC_WARN_64_TO_32_BIT_CONVERSION = YES;
				GCC_WARN_ABOUT_RETURN_TYPE = YES_ERROR;
				GCC_WARN_UNDECLARED_SELECTOR = YES;
				GCC_WARN_UNINITIALIZED_AUTOS = YES_AGGRESSIVE;
				GCC_WARN_UNUSED_FUNCTION = YES;
				GCC_WARN_UNUSED_VARIABLE = YES;
				MACOSX_DEPLOYMENT_TARGET = 10.14;
				MTL_ENABLE_DEBUG_INFO = NO;
				MTL_FAST_MATH = YES;
				SDKROOT = macosx;
				SWIFT_COMPILATION_MODE = wholemodule;
				SWIFT_OPTIMIZATION_LEVEL = "-O";
			};
			name = Release;
		};
		E1DE63812248319D00084717 /* Debug */ = {
			isa = XCBuildConfiguration;
			buildSettings = {
				ASSETCATALOG_COMPILER_APPICON_NAME = AppIcon;
				CODE_SIGN_ENTITLEMENTS = "Bumper Bumpers/Bumper_Bumpers.entitlements";
				CODE_SIGN_STYLE = Automatic;
				COMBINE_HIDPI_IMAGES = YES;
				DEVELOPMENT_TEAM = DS7Z2F756Z;
				INFOPLIST_FILE = "Bumper Bumpers/Info.plist";
				LD_RUNPATH_SEARCH_PATHS = (
					"$(inherited)",
					"@executable_path/../Frameworks",
				);
				PRODUCT_BUNDLE_IDENTIFIER = "sikrob.Bumper-Bumpers";
				PRODUCT_NAME = "$(TARGET_NAME)";
				SWIFT_VERSION = 5.0;
			};
			name = Debug;
		};
		E1DE63822248319D00084717 /* Release */ = {
			isa = XCBuildConfiguration;
			buildSettings = {
				ASSETCATALOG_COMPILER_APPICON_NAME = AppIcon;
				CODE_SIGN_ENTITLEMENTS = "Bumper Bumpers/Bumper_Bumpers.entitlements";
				CODE_SIGN_STYLE = Automatic;
				COMBINE_HIDPI_IMAGES = YES;
				DEVELOPMENT_TEAM = DS7Z2F756Z;
				INFOPLIST_FILE = "Bumper Bumpers/Info.plist";
				LD_RUNPATH_SEARCH_PATHS = (
					"$(inherited)",
					"@executable_path/../Frameworks",
				);
				PRODUCT_BUNDLE_IDENTIFIER = "sikrob.Bumper-Bumpers";
				PRODUCT_NAME = "$(TARGET_NAME)";
				SWIFT_VERSION = 5.0;
			};
			name = Release;
		};
/* End XCBuildConfiguration section */

/* Begin XCConfigurationList section */
		E162FF5122D0F1D600851B30 /* Build configuration list for PBXNativeTarget "Bumper Bumpers Tests" */ = {
			isa = XCConfigurationList;
			buildConfigurations = (
				E162FF5222D0F1D600851B30 /* Debug */,
				E162FF5322D0F1D600851B30 /* Release */,
			);
			defaultConfigurationIsVisible = 0;
			defaultConfigurationName = Release;
		};
		E1DE63652248319A00084717 /* Build configuration list for PBXProject "Bumper Bumpers" */ = {
			isa = XCConfigurationList;
			buildConfigurations = (
				E1DE637E2248319D00084717 /* Debug */,
				E1DE637F2248319D00084717 /* Release */,
			);
			defaultConfigurationIsVisible = 0;
			defaultConfigurationName = Release;
		};
		E1DE63802248319D00084717 /* Build configuration list for PBXNativeTarget "Bumper Bumpers" */ = {
			isa = XCConfigurationList;
			buildConfigurations = (
				E1DE63812248319D00084717 /* Debug */,
				E1DE63822248319D00084717 /* Release */,
			);
			defaultConfigurationIsVisible = 0;
			defaultConfigurationName = Release;
		};
/* End XCConfigurationList section */
	};
	rootObject = E1DE63622248319A00084717 /* Project object */;
}
